dario.cat/mergo v1.0.1 h1:Ra4+bf83h2ztPIQYNP99R6m+Y7KfnARDfID+a+vLl4s=
dario.cat/mergo v1.0.1/go.mod h1:uNxQE+84aUszobStD9th8a29P2fMDhsBdgRYvZOxGmk=
github.com/BurntSushi/toml v1.4.0 h1:kuoIxZQy2WRRk1pttg9asf+WVv6tWQuBNVmK8+nqPr0=
github.com/BurntSushi/toml v1.4.0/go.mod h1:ukJfTF/6rtPPRCnwkur4qwRxa8vTRFBF0uk2lLoLwho=
github.com/Masterminds/goutils v1.1.1 h1:5nUrii3FMTL5diU80unEVvNevw1nH4+ZV4DSLVJLSYI=
github.com/Masterminds/goutils v1.1.1/go.mod h1:8cTjp+g8YejhMuvIA5y2vz3BpJxksy863GQaJW2MFNU=
github.com/Masterminds/semver/v3 v3.3.0 h1:B8LGeaivUe71a5qox1ICM/JLl0NqZSW5CHyL+hmvYS0=
github.com/Masterminds/semver/v3 v3.3.0/go.mod h1:4V+yj/TJE1HU9XfppCwVMZq3I84lprf4nC11bSS5beM=
github.com/Masterminds/sprig/v3 v3.3.0 h1:mQh0Yrg1XPo6vjYXgtf5OtijNAKJRNcTdOOGZe3tPhs=
github.com/Masterminds/sprig/v3 v3.3.0/go.mod h1:Zy1iXRYNqNLUolqCpL4uhk6SHUMAOSCzdgBfDb35Lz0=
github.com/aws/aws-sdk-go v1.55.6 h1:cSg4pvZ3m8dgYcgqB97MrcdjUmZ1BeMYKUxMMB89IPk=
github.com/aws/aws-sdk-go v1.55.6/go.mod h1:eRwEWoyTWFMVYVQzKMNHWP5/RV4xIUGMQfXQHfHkpNU=
github.com/aws/aws-sdk-go-v2 v1.36.0 h1:b1wM5CcE65Ujwn565qcwgtOTT1aT4ADOHHgglKjG7fk=
github.com/aws/aws-sdk-go-v2 v1.36.0/go.mod h1:5PMILGVKiW32oDzjj6RU52yrNrDPUHcbZQYr1sM7qmM=
github.com/aws/aws-sdk-go-v2/aws/protocol/eventstream v1.6.8 h1:zAxi9p3wsZMIaVCdoiQp2uZ9k1LsZvmAnoTBeZPXom0=
github.com/aws/aws-sdk-go-v2/aws/protocol/eventstream v1.6.8/go.mod h1:3XkePX5dSaxveLAYY7nsbsZZrKxCyEuE5pM4ziFxyGg=
github.com/aws/aws-sdk-go-v2/config v1.29.4 h1:ObNqKsDYFGr2WxnoXKOhCvTlf3HhwtoGgc+KmZ4H5yg=
github.com/aws/aws-sdk-go-v2/config v1.29.4/go.mod h1:j2/AF7j/qxVmsNIChw1tWfsVKOayJoGRDjg1Tgq7NPk=
github.com/aws/aws-sdk-go-v2/credentials v1.17.57 h1:kFQDsbdBAR3GZsB8xA+51ptEnq9TIj3tS4MuP5b+TcQ=
github.com/aws/aws-sdk-go-v2/credentials v1.17.57/go.mod h1:2kerxPUUbTagAr/kkaHiqvj/bcYHzi2qiJS/ZinllU0=
github.com/aws/aws-sdk-go-v2/feature/ec2/imds v1.16.27 h1:7lOW8NUwE9UZekS1DYoiPdVAqZ6A+LheHWb+mHbNOq8=
github.com/aws/aws-sdk-go-v2/feature/ec2/imds v1.16.27/go.mod h1:w1BASFIPOPUae7AgaH4SbjNbfdkxuggLyGfNFTn8ITY=
github.com/aws/aws-sdk-go-v2/internal/configsources v1.3.31 h1:lWm9ucLSRFiI4dQQafLrEOmEDGry3Swrz0BIRdiHJqQ=
github.com/aws/aws-sdk-go-v2/internal/configsources v1.3.31/go.mod h1:Huu6GG0YTfbPphQkDSo4dEGmQRTKb9k9G7RdtyQWxuI=
github.com/aws/aws-sdk-go-v2/internal/endpoints/v2 v2.6.31 h1:ACxDklUKKXb48+eg5ROZXi1vDgfMyfIA/WyvqHcHI0o=
github.com/aws/aws-sdk-go-v2/internal/endpoints/v2 v2.6.31/go.mod h1:yadnfsDwqXeVaohbGc/RaD287PuyRw2wugkh5ZL2J6k=
github.com/aws/aws-sdk-go-v2/internal/ini v1.8.2 h1:Pg9URiobXy85kgFev3og2CuOZ8JZUBENF+dcgWBaYNk=
github.com/aws/aws-sdk-go-v2/internal/ini v1.8.2/go.mod h1:FbtygfRFze9usAadmnGJNc8KsP346kEe+y2/oyhGAGc=
github.com/aws/aws-sdk-go-v2/internal/v4a v1.3.31 h1:8IwBjuLdqIO1dGB+dZ9zJEl8wzY3bVYxcs0Xyu/Lsc0=
github.com/aws/aws-sdk-go-v2/internal/v4a v1.3.31/go.mod h1:8tMBcuVjL4kP/ECEIWTCWtwV2kj6+ouEKl4cqR4iWLw=
github.com/aws/aws-sdk-go-v2/service/internal/accept-encoding v1.12.2 h1:D4oz8/CzT9bAEYtVhSBmFj2dNOtaHOtMKc2vHBwYizA=
github.com/aws/aws-sdk-go-v2/service/internal/accept-encoding v1.12.2/go.mod h1:Za3IHqTQ+yNcRHxu1OFucBh0ACZT4j4VQFF0BqpZcLY=
github.com/aws/aws-sdk-go-v2/service/internal/checksum v1.5.5 h1:siiQ+jummya9OLPDEyHVb2dLW4aOMe22FGDd0sAfuSw=
github.com/aws/aws-sdk-go-v2/service/internal/checksum v1.5.5/go.mod h1:iHVx2J9pWzITdP5MJY6qWfG34TfD9EA+Qi3eV6qQCXw=
github.com/aws/aws-sdk-go-v2/service/internal/presigned-url v1.12.12 h1:O+8vD2rGjfihBewr5bT+QUfYUHIxCVgG61LHoT59shM=
github.com/aws/aws-sdk-go-v2/service/internal/presigned-url v1.12.12/go.mod h1:usVdWJaosa66NMvmCrr08NcWDBRv4E6+YFG2pUdw1Lk=
github.com/aws/aws-sdk-go-v2/service/internal/s3shared v1.18.12 h1:tkVNm99nkJnFo1H9IIQb5QkCiPcvCDn3Pos+IeTbGRA=
github.com/aws/aws-sdk-go-v2/service/internal/s3shared v1.18.12/go.mod h1:dIVlquSPUMqEJtx2/W17SM2SuESRaVEhEV9alcMqxjw=
github.com/aws/aws-sdk-go-v2/service/s3 v1.75.2 h1:dyC+iA2+Yc7iDMDh0R4eT6fi8TgBduc+BOWCy6Br0/o=
github.com/aws/aws-sdk-go-v2/service/s3 v1.75.2/go.mod h1:FHSHmyEUkzRbaFFqqm6bkLAOQHgqhsLmfCahvCBMiyA=
github.com/aws/aws-sdk-go-v2/service/sqs v1.37.12 h1:8TMY/uvatjnLqllJhW0WOfAQSdLQl525yuaA0Uq1ejk=
github.com/aws/aws-sdk-go-v2/service/sqs v1.37.12/go.mod h1:LG6s2xJm3K9X9ee5EmYyOveXOgVK4jtunBJBXFJ2TqE=
github.com/aws/aws-sdk-go-v2/service/sso v1.24.14 h1:c5WJ3iHz7rLIgArznb3JCSQT3uUMiz9DLZhIX+1G8ok=
github.com/aws/aws-sdk-go-v2/service/sso v1.24.14/go.mod h1:+JJQTxB6N4niArC14YNtxcQtwEqzS3o9Z32n7q33Rfs=
github.com/aws/aws-sdk-go-v2/service/ssooidc v1.28.13 h1:f1L/JtUkVODD+k1+IiSJUUv8A++2qVr+Xvb3xWXETMU=
github.com/aws/aws-sdk-go-v2/service/ssooidc v1.28.13/go.mod h1:tvqlFoja8/s0o+UruA1Nrezo/df0PzdunMDDurUfg6U=
github.com/aws/aws-sdk-go-v2/service/sts v1.33.12 h1:fqg6c1KVrc3SYWma/egWue5rKI4G2+M4wMQN2JosNAA=
github.com/aws/aws-sdk-go-v2/service/sts v1.33.12/go.mod h1:7Yn+p66q/jt38qMoVfNvjbm3D89mGBnkwDcijgtih8w=
github.com/aws/smithy-go v1.22.2 h1:6D9hW43xKFrRx/tXXfAlIZc4JI+yQe6snnWcQyxSyLQ=
github.com/aws/smithy-go v1.22.2/go.mod h1:irrKGvNn1InZwb2d7fkIRNucdfwR8R+Ts3wxYa/cJHg=
github.com/davecgh/go-spew v1.1.0/go.mod h1:J7Y8YcW2NihsgmVo/mv3lAwl/skON4iLHjSsI+c5H38=
github.com/davecgh/go-spew v1.1.1 h1:vj9j/u1bqnvCEfJOwUhtlOARqs3+rkHYY13jYWTU97c=
github.com/davecgh/go-spew v1.1.1/go.mod h1:J7Y8YcW2NihsgmVo/mv3lAwl/skON4iLHjSsI+c5H38=
github.com/dgryski/go-farm v0.0.0-20240924180020-3414d57e47da h1:aIftn67I1fkbMa512G+w+Pxci9hJPB8oMnkcP3iZF38=
github.com/dgryski/go-farm v0.0.0-20240924180020-3414d57e47da/go.mod h1:SqUrOPUnsFjfmXRMNPybcSiG0BgUW2AuFH8PAnS2iTw=
github.com/dustin/go-humanize v1.0.1 h1:GzkhY7T5VNhEkwH0PVJgjz+fX1rhBrR7pRT3mDkpeCY=
github.com/dustin/go-humanize v1.0.1/go.mod h1:Mu1zIs6XwVuF/gI1OepvI0qD18qycQx+mFykh5fBlto=
github.com/evanphx/json-patch v0.5.2 h1:xVCHIVMUu1wtM/VkR9jVZ45N3FhZfYMMYGorLCR8P3k=
github.com/evanphx/json-patch v0.5.2/go.mod h1:ZWS5hhDbVDyob71nXKNL0+PWn6ToqBHMikGIFbs31qQ=
github.com/frankban/quicktest v1.14.6 h1:7Xjx+VpznH+oBnejlPUj8oUpdxnVs4f8XU8WnHkI4W8=
github.com/frankban/quicktest v1.14.6/go.mod h1:4ptaffx2x8+WTWXmUCuVU6aPUX1/Mz7zb5vbUoiM6w0=
github.com/go-ole/go-ole v1.2.6 h1:/Fpf6oFPoeFik9ty7siob0G6Ke8QvQEuVcuChpwXzpY=
github.com/go-ole/go-ole v1.2.6/go.mod h1:pprOEPIfldk/42T2oK7lQ4v4JSDwmV0As9GaiUsvbm0=
github.com/go-stack/stack v1.8.0/go.mod h1:v0f6uXyyMGvRgIKkXu+yp6POWl0qKG85gN/melR3HDY=
github.com/go-stack/stack v1.8.1 h1:ntEHSVwIt7PNXNpgPmVfMrNhLtgjlmnZha2kOpuRiDw=
github.com/go-stack/stack v1.8.1/go.mod h1:dcoOX6HbPZSZptuspn9bctJ+N/CnF5gGygcUP3XYfe4=
github.com/go-test/deep v1.1.1 h1:0r/53hagsehfO4bzD2Pgr/+RgHqhmf+k1Bpse2cTu1U=
github.com/go-test/deep v1.1.1/go.mod h1:5C2ZWiW0ErCdrYzpqxLbTX7MG14M9iiw8DgHncVwcsE=
github.com/go-yaml/yaml v2.1.0+incompatible h1:RYi2hDdss1u4YE7GwixGzWwVo47T8UQwnTLB6vQiq+o=
github.com/go-yaml/yaml v2.1.0+incompatible/go.mod h1:w2MrLa16VYP0jy6N7M5kHaCkaLENm+P+Tv+MfurjSw0=
github.com/golang/protobuf v1.4.3/go.mod h1:oDoupMAO8OvCJWAcko0GGGIgR6R6ocIYbsSw735rRwI=
github.com/golang/protobuf v1.5.0 h1:LUVKkCeviFUMKqHa4tXIIij/lbhnMbP7Fn5wKdKkRh4=
github.com/golang/protobuf v1.5.0/go.mod h1:FsONVRAS9T7sI+LIUmWTfcYkHO4aIWwzhcaSAoJOfIk=
github.com/google/go-cmp v0.4.0/go.mod h1:v8dTdLbMG2kIc/vJvl+f65V22dbkXbowE6jgT/gNBxE=
github.com/google/go-cmp v0.5.5/go.mod h1:v8dTdLbMG2kIc/vJvl+f65V22dbkXbowE6jgT/gNBxE=
github.com/google/go-cmp v0.6.0 h1:ofyhxvXcZhMsU5ulbFiLKl/XBFqE1GSq7atu8tAmTRI=
github.com/google/go-cmp v0.6.0/go.mod h1:17dUlkBOakJ0+DkrSSNjCkIjxS6bF9zb3elmeNGIjoY=
github.com/google/uuid v1.6.0 h1:NIvaJDMOsjHA8n1jAhLSgzrAzy1Hgr+hNrb57e+94F0=
github.com/google/uuid v1.6.0/go.mod h1:TIyPZe4MgqvfeYDBFedMoGGpEw/LqOeaOT+nhxU+yHo=
github.com/huandu/xstrings v1.5.0 h1:2ag3IFq9ZDANvthTwTiqSSZLjDc+BedvHPAp5tJy2TI=
github.com/huandu/xstrings v1.5.0/go.mod h1:y5/lhBue+AyNmUVz9RLU9xbLR0o4KIIExikq4ovT0aE=
github.com/jessevdk/go-flags v1.4.0/go.mod h1:4FA24M0QyGHXBuZZK/XkWh8h0e1EYbRYJSGM75WSRxI=
github.com/jjeffery/kv v0.8.1 h1:S4/KbfPVNTGM/YCt5F+Za93o09119VNtOT+rLL4Gls0=
github.com/jjeffery/kv v0.8.1/go.mod h1:iHA3uy+umBqxcJFr+e+gaGAv1OcyHlU6rSo3TcR61yQ=
github.com/jmespath/go-jmespath v0.4.0 h1:BEgLn5cpjn8UN1mAw4NjwDrS35OdebyEtFe+9YPoQUg=
github.com/jmespath/go-jmespath v0.4.0/go.mod h1:T8mJZnbsbmF+m6zOOFylbeCJqk5+pHWvzYPziyZiYoo=
github.com/jmespath/go-jmespath/internal/testify v1.5.1 h1:shLQSRRSCCPj3f2gpwzGwWFoC7ycTf1rcQZHOlsJ6N8=
github.com/jmespath/go-jmespath/internal/testify v1.5.1/go.mod h1:L3OGu8Wl2/fWfCI6z80xFu9LTZmf1ZRjMHUOPmWr69U=
github.com/karlmutch/base62 v0.0.0-20150408093626-b80cdc656a7a h1:kJrTPcyCUlSc+3x/EjOVuF8SLNt5UcooiiJD9C809mE=
github.com/karlmutch/base62 v0.0.0-20150408093626-b80cdc656a7a/go.mod h1:zte37q29wA6VzIkG0x1coK9NBaxkzA+omUQK7K46nrE=
github.com/karlmutch/ccache v2.0.2+incompatible h1:6rtKy+DF9g0lknrM2K3qa+I3MfBTpNslrRtArJflTK8=
github.com/karlmutch/ccache v2.0.2+incompatible/go.mod h1:dxs17KQLgMPakKlVm75suDoSFUVb20+jJQE0dl8EX8Q=
github.com/karlmutch/circbuf v0.0.0-20150827004946-bbbad097214e h1:O6QxM8OviW1FrcByTAupWu326T5J+jH+M/CvwmOFcR8=
github.com/karlmutch/circbuf v0.0.0-20150827004946-bbbad097214e/go.mod h1:Qt7npjuWnHIOc3fM6mHwpy6q3PpvWh2FV+gSzg51GMU=
github.com/karlmutch/envflag v0.0.0-20211229205350-9dc3b5cc21e3 h1:Iq8sfbTccD5mI2xO6CPlWtAyihoA6jiBsPGmPmKeNOc=
github.com/karlmutch/envflag v0.0.0-20211229205350-9dc3b5cc21e3/go.mod h1:HCSJtRcU+YI1lWzCbrzb+9uAbwuAjGQ+g73Xznrnm/4=
github.com/karlmutch/go-cache v2.0.0+incompatible h1:yO2dbjPascjZNaNHuFt9A9ieMfQne1M8E6L3+csWMp4=
github.com/karlmutch/go-cache v2.0.0+incompatible/go.mod h1:a64tGVLqNn45TJENiHRCuW2LzxTYSKOSdvZ9cD4cPXc=
github.com/karlmutch/hashstructure v0.0.0-20170609045927-2bca23e0e452 h1:TsQEoonaHYj2N0csMoh6HdsQ2NHbX6WwPP9Q1OkiWyE=
github.com/karlmutch/hashstructure v0.0.0-20170609045927-2bca23e0e452/go.mod h1:45OVWKaK/Grxl4wpbyW59CMlVPjgbeh4G4iPLPEzRGc=
github.com/karlmutch/k8s v1.2.2 h1:GcwIXMhP8hHw4Lb/iuRafpGamYhuaDl9qEx+7/5UtnA=
github.com/karlmutch/k8s v1.2.2/go.mod h1:bWAFqAM5ZDNun7BlVB0UNRkyuJeEpLbPhnAUKK7L9jI=
github.com/karlmutch/logxi v0.0.0-20220617052525-10dee3b1fe0c h1:4FsU8T4pESGveFcw/4KS3WIkhURhiFOUm3nORSb7aso=
github.com/karlmutch/logxi v0.0.0-20220617052525-10dee3b1fe0c/go.mod h1:yozMr5Xgvq7CItSgWRdqerl3tUYunVr0WsvXJrOhSdc=
github.com/karlmutch/vtclean v0.0.0-20170504063817-d14193dfc626 h1:EgnDPsWgUfoSSFmyObFmydr6Lh12hOTibgiteblUuTg=
github.com/karlmutch/vtclean v0.0.0-20170504063817-d14193dfc626/go.mod h1:ybOdZtH4NPDDJ+HqPvjS+7aiyLXgIEgahLjh3QlDhn8=
github.com/karlseguin/expect v1.0.8 h1:Bb0H6IgBWQpadY25UDNkYPDB9ITqK1xnSoZfAq362fw=
github.com/karlseguin/expect v1.0.8/go.mod h1:lXdI8iGiQhmzpnnmU/EGA60vqKs8NbRNFnhhrJGoD5g=
github.com/kr/pretty v0.3.1 h1:flRD4NNwYAUpkphVc1HcthR4KEIFJ65n8Mw5qdRn3LE=
github.com/kr/pretty v0.3.1/go.mod h1:hoEshYVHaxMs3cyo3Yncou5ZscifuDolrwPKZanG3xk=
github.com/kr/text v0.2.0 h1:5Nx0Ya0ZqY2ygV366QzturHI13Jq95ApcVaJBhpS+AY=
github.com/kr/text v0.2.0/go.mod h1:eLer722TekiGuMkidMxC/pM04lWEeraHUUmBw8l2grE=
github.com/leaf-ai/go-service v0.0.4 h1:wyRGNfg9Eb5svElg5Fp6JA9uGRP6R9dTiodItfUNCu4=
github.com/leaf-ai/go-service v0.0.4/go.mod h1:6clADwDzVTZ9YgMGCIhaXTdJTgOhuNFb36haarsLiAk=
github.com/lthibault/jitterbug v2.0.0+incompatible h1:qouq51IKzlMx25+15jbxhC/d79YyTj0q6XFoptNqaUw=
github.com/lthibault/jitterbug v2.0.0+incompatible/go.mod h1:2l7akWd27PScEs6YkjyUVj/8hKgNhbbQ3KiJgJtlf6o=
github.com/mattn/go-colorable v0.1.12 h1:jF+Du6AlPIjs2BiUiQlKOX0rt3SujHxPnksPKZbaA40=
github.com/mattn/go-colorable v0.1.12/go.mod h1:u5H1YNBxpqRaxsYJYSkiCWKzEfiAb1Gb520KVy5xxl4=
github.com/mattn/go-isatty v0.0.14 h1:yVuAays6BHfxijgZPzw+3Zlu5yQgKGP2/hcQbHb7S9Y=
github.com/mattn/go-isatty v0.0.14/go.mod h1:7GGIvUiUoEMVVmxf/4nioHXj79iQHKdU27kJ6hsGG94=
github.com/mgutz/ansi v0.0.0-20200706080929-d51e80ef957d h1:5PJl274Y63IEHC+7izoQE9x6ikvDFZS2mDVS3drnohI=
github.com/mgutz/ansi v0.0.0-20200706080929-d51e80ef957d/go.mod h1:01TrycV0kFyexm33Z7vhZRXopbI8J3TDReVlkTgMUxE=
github.com/mitchellh/copystructure v1.2.0 h1:vpKXTN4ewci03Vljg/q9QvCGUDttBOGBIa15WveJJGw=
github.com/mitchellh/copystructure v1.2.0/go.mod h1:qLl+cE2AmVv+CoeAwDPye/v+N2HKCj9FbZEVFJRxO9s=
github.com/mitchellh/reflectwalk v1.0.2 h1:G2LzWKi524PWgd3mLHV8Y5k7s6XUvT0Gef6zxSIeXaQ=
github.com/mitchellh/reflectwalk v1.0.2/go.mod h1:mSTlrgnPZtwu0c4WaC2kGObEpuNDbx0jmZXqmk4esnw=
github.com/pkg/errors v0.9.1 h1:FEBLx1zS214owpjy7qsBeixbURkuhQAwrK5UwLGTwt4=
github.com/pkg/errors v0.9.1/go.mod h1:bwawxfHBFNV+L2hUp1rHADufV3IMtnDRdf1r5NINEl0=
github.com/pmezard/go-difflib v1.0.0 h1:4DBwDE0NGyQoBHbLQYPwSUPoCMWR5BEzIk/f1lZbAQM=
github.com/pmezard/go-difflib v1.0.0/go.mod h1:iKH77koFhYxTK1pcRnkKkqfTogsbg7gZNVY4sRDYZ/4=
github.com/rogpeppe/go-internal v1.9.0 h1:73kH8U+JUqXU8lRuOHeVHaa/SZPifC7BkcraZVejAe8=
github.com/rogpeppe/go-internal v1.9.0/go.mod h1:WtVeX8xhTBvf0smdhujwtBcq4Qrzq/fJaraNFVN+nFs=
github.com/rs/xid v1.6.0 h1:fV591PaemRlL6JfRxGDEPl69wICngIQ3shQtzfy2gxU=
github.com/rs/xid v1.6.0/go.mod h1:7XoLgs4eV+QndskICGsho+ADou8ySMSjJKDIan90Nz0=
github.com/shirou/gopsutil v3.21.11+incompatible h1:+1+c1VGhc88SSonWP6foOcLhvnKlUeu/erjjvaPEYiI=
github.com/shirou/gopsutil v3.21.11+incompatible/go.mod h1:5b4v6he4MtMOwMlS0TUMTu2PcXUg8+E1lC7eC3UO/RA=
github.com/shopspring/decimal v1.4.0 h1:bxl37RwXBklmTi0C79JfXCEBD1cqqHt0bbgBAGFp81k=
github.com/shopspring/decimal v1.4.0/go.mod h1:gawqmDU56v4yIKSwfBSFip1HdCCXN8/+DMd9qYNcwME=
github.com/sirupsen/logrus v1.8.1/go.mod h1:yWOB1SBYBC5VeMP7gHvWumXLIWorT60ONWic61uBYv0=
github.com/spf13/cast v1.7.0 h1:ntdiHjuueXFgm5nzDRdOS4yfT43P5Fnud6DH50rz/7w=
github.com/spf13/cast v1.7.0/go.mod h1:ancEpBxwJDODSW/UG4rDrAqiKolqNNh2DX3mk86cAdo=
github.com/stretchr/objx v0.1.0/go.mod h1:HFkY916IF+rwdDfMAkV7OtwuqBVzrE8GR6GFx+wExME=
github.com/stretchr/testify v1.2.2/go.mod h1:a8OnRcib4nhh0OaRAV+Yts87kKdq0PP7pXfy6kDkUVs=
github.com/stretchr/testify v1.5.1/go.mod h1:5W2xD1RspED5o8YsWQXVCued0rvSQ+mT+I5cxcmMvtA=
github.com/stretchr/testify v1.7.0 h1:nwc3DEeHmmLAfoZucVR881uASk0Mfjw8xYJ99tb5CcY=
github.com/stretchr/testify v1.7.0/go.mod h1:6Fq8oRcR53rry900zMqJjRRixrwX3KX962/h/Wwjteg=
github.com/tebeka/atexit v0.3.0 h1:jleL99H7Ywt80oJKR+VWmJNnezcCOG0CuzcN3CIpsdI=
github.com/tebeka/atexit v0.3.0/go.mod h1:WJmSUSmMT7WoR7etUOaGBVXk+f5/ZJ+67qwuedq7Fbs=
github.com/tklauser/go-sysconf v0.3.14 h1:g5vzr9iPFFz24v2KZXs/pvpvh8/V9Fw6vQK5ZZb78yU=
github.com/tklauser/go-sysconf v0.3.14/go.mod h1:1ym4lWMLUOhuBOPGtRcJm7tEGX4SCYNEEEtghGG/8uY=
github.com/tklauser/numcpus v0.8.0 h1:Mx4Wwe/FjZLeQsK/6kt2EOepwwSl7SmJrK5bV/dXYgY=
github.com/tklauser/numcpus v0.8.0/go.mod h1:ZJZlAY+dmR4eut8epnzf0u/VwodKmryxR8txiloSqBE=
github.com/wsxiaoys/terminal v0.0.0-20160513160801-0940f3fc43a0 h1:3UeQBvD0TFrlVjOeLOBz+CPAI8dnbqNSVwUwRrkp7vQ=
github.com/wsxiaoys/terminal v0.0.0-20160513160801-0940f3fc43a0/go.mod h1:IXCdmsXIht47RaVFLEdVnh1t+pgYtTAhQGj73kz+2DM=
github.com/yusufpapurcu/wmi v1.2.4 h1:zFUKzehAFReQwLys1b/iSMl+JQGSCSjtVqQn9bBrPo0=
github.com/yusufpapurcu/wmi v1.2.4/go.mod h1:SBZ9tNy3G9/m5Oi98Zks0QjeHVDvuK0qfxQmPyzfmi0=
go.uber.org/atomic v1.11.0 h1:ZvwS0R+56ePWxUNi+Atn9dWONBPp/AUETXlHW0DxSjE=
go.uber.org/atomic v1.11.0/go.mod h1:LUxbIzbOniOlMKjJjyPfpl4v+PKK2cNJn91OQbhoJI0=
golang.org/x/crypto v0.32.0 h1:euUpcYgM8WcP71gNpTqQCn6rC2t6ULUPiOzfWaXVVfc=
golang.org/x/crypto v0.32.0/go.mod h1:ZnnJkOaASj8g0AjIduWNlq2NRxL0PlBrbKVyZ6V/Ugc=
golang.org/x/net v0.0.0-20190125091013-d26f9f9a57f3/go.mod h1:mL1N/T3taQHkDXs73rZJwtUhF3w3ftmwwsq0BUmARs4=
golang.org/x/net v0.34.0 h1:Mb7Mrk043xzHgnRM88suvJFwzVrRfHEHJEl5/71CKw0=
golang.org/x/net v0.34.0/go.mod h1:di0qlW3YNM5oh6GqDGQr92MyTozJPmybPK4Ev/Gm31k=
golang.org/x/sys v0.0.0-20181221143128-b4a75ba826a6/go.mod h1:STP8DvDyc/dI5b8T5hshtkjS+E42TnysNCUPdjciGhY=
golang.org/x/sys v0.0.0-20190916202348-b4ddaad3f8a3/go.mod h1:h1NjWce9XRLGQEsW7wpKNCjG9DtNlClVuFLEZdDNbEs=
golang.org/x/sys v0.0.0-20191026070338-33540a1f6037/go.mod h1:h1NjWce9XRLGQEsW7wpKNCjG9DtNlClVuFLEZdDNbEs=
golang.org/x/sys v0.0.0-20210630005230-0f9fa26af87c/go.mod h1:oPkhp1MJrh7nUepCBck5+mAzfO9JrbApNNgaTdGDITg=
golang.org/x/sys v0.0.0-20210927094055-39ccf1dd6fa6/go.mod h1:oPkhp1MJrh7nUepCBck5+mAzfO9JrbApNNgaTdGDITg=
golang.org/x/sys v0.0.0-20211216021012-1d35b9e2eb4e/go.mod h1:oPkhp1MJrh7nUepCBck5+mAzfO9JrbApNNgaTdGDITg=
golang.org/x/sys v0.29.0 h1:TPYlXGxvx1MGTn2GiZDhnjPA9wZzZeGKHHmKhHYvgaU=
golang.org/x/sys v0.29.0/go.mod h1:/VUhepiaJMQUp4+oa/7Zr1D23ma6VTLIYjOOTFZPUcA=
golang.org/x/text v0.3.5/go.mod h1:5Zoc/QRtKVWzQhOtBMvqHzDpF6irO9z98xDceosuGiQ=
golang.org/x/text v0.21.0 h1:zyQAAkrwaneQ066sspRyJaG9VNi/YJ1NfzcGB3hZ/qo=
golang.org/x/text v0.21.0/go.mod h1:4IBbMaMmOPCJ8SecivzSH54+73PCFmPWxNTLm+vZkEQ=
golang.org/x/tools v0.0.0-20180917221912-90fa682c2a6e/go.mod h1:n7NCudcB/nEzxVGmLbDWY5pfWTLqBcC2KZ6jyYvM4mQ=
golang.org/x/xerrors v0.0.0-20191204190536-9bdfabe68543/go.mod h1:I/5z698sn9Ka8TeJc9MKroUUfqBBauWjQqLJ2OPfmY0=
google.golang.org/protobuf v1.33.0 h1:uNO2rsAINq/JlFpSdYEKIZ0uKD/R9cpdv0T+yoGwGmI=
google.golang.org/protobuf v1.33.0/go.mod h1:c6P6GXX6sHbq/GpV6MGZEdwhWPcYBgnhAHhKbcUYpos=
gopkg.in/check.v1 v0.0.0-20161208181325-20d25e280405 h1:yhCVgyC4o1eVCa2tZl7eS0r+SDo693bJlVdllGtEeKM=
gopkg.in/check.v1 v0.0.0-20161208181325-20d25e280405/go.mod h1:Co6ibVJAznAaIkqp8huTwlJQCZ016jof/cbN4VW5Yz0=
gopkg.in/inconshreveable/log15.v2 v2.0.0-20200109203555-b30bc20e4fd1/go.mod h1:aPpfJ7XW+gOuirDoZ8gHhLh3kZ1B08FtV2bbmy7Jv3s=
gopkg.in/yaml.v2 v2.2.2/go.mod h1:hI93XBmqTisBFMUTm0b8Fm+jr3Dg1NNxqwp+5A1VGuI=
gopkg.in/yaml.v2 v2.2.8/go.mod h1:hI93XBmqTisBFMUTm0b8Fm+jr3Dg1NNxqwp+5A1VGuI=
gopkg.in/yaml.v2 v2.3.0 h1:clyUAQHOM3G0M3f5vQj7LuJrETvjVot3Z5el9nffUtU=
gopkg.in/yaml.v2 v2.3.0/go.mod h1:hI93XBmqTisBFMUTm0b8Fm+jr3Dg1NNxqwp+5A1VGuI=
gopkg.in/yaml.v3 v3.0.0-20200313102051-9f266ea9e77c/go.mod h1:K4uyk7z7BCEPqu6E+C64Yfv1cQ7kz7rIZviUmN+EgEM=
gopkg.in/yaml.v3 v3.0.1 h1:fxVm/GzAzEWqLHuvctI91KS9hhNmmWOoWu0XTYJS7CA=
gopkg.in/yaml.v3 v3.0.1/go.mod h1:K4uyk7z7BCEPqu6E+C64Yfv1cQ7kz7rIZviUmN+EgEM=
