# This file is autogenerated, do not edit; changes may be undone by the next 'dep ensure'.


[[projects]]
  branch = "2.x"
  name = "github.com/Masterminds/semver"
  packages = ["."]
  revision = "c2e7f6c2f49a1613362aa774884c17e395dd85b7"

[[projects]]
  name = "github.com/Masterminds/vcs"
  packages = ["."]
  revision = "3084677c2c188840777bff30054f2b553729d329"
  version = "v1.11.1"

[[projects]]
  branch = "master"
  name = "github.com/armon/go-radix"
  packages = ["."]
  revision = "4239b77079c7b5d1243b7b4736304ce8ddb6f0f2"

[[projects]]
  branch = "v2"
  name = "github.com/go-yaml/yaml"
  packages = ["."]
  revision = "25c4ec802a7d637f88d584ab26798e94ad14c13b"

[[projects]]
  name = "github.com/golang/dep"
  packages = [".","internal/feedback","internal/fs","internal/gps","internal/gps/paths","internal/gps/pkgtree","internal/test"]
  revision = "6a17782ed25ba4ccd2adf191990cc32e65c3934c"
  version = "v0.2.0"

[[projects]]
  name = "github.com/mattn/go-colorable"
  packages = ["."]
  revision = "941b50ebc6efddf4c41c8e4537a5f68a4e686b24"
  version = "v0.0.8"

[[projects]]
  name = "github.com/mattn/go-isatty"
  packages = ["."]
  revision = "fc9e8d8ef48496124e79ae0df75490096eccf6fe"
  version = "v0.0.2"

[[projects]]
  branch = "master"
  name = "github.com/mgutz/ansi"
  packages = ["."]
  revision = "9520e82c474b0a04dd04f8a40959027271bab992"

[[projects]]
  name = "github.com/mgutz/logxi"
  packages = ["v1"]
  revision = "aebf8a7d67ab4625e0fd4a665766fef9a709161b"
  version = "v1"

[[projects]]
  branch = "master"
  name = "github.com/nightlyone/lockfile"
  packages = ["."]
  revision = "e83dc5e7bba095e8d32fb2124714bf41f2a30cb5"

[[projects]]
  branch = "master"
  name = "github.com/pelletier/go-toml"
  packages = ["."]
  revision = "69d355db5304c0f7f809a2edc054553e7142f016"

[[projects]]
  name = "github.com/pkg/errors"
  packages = ["."]
  revision = "645ef00459ed84a119197bfb8d8205042c6df63d"
  version = "v0.8.0"

[[projects]]
  branch = "master"
  name = "github.com/sdboyer/constext"
  packages = ["."]
  revision = "836a144573533ea4da4e6929c235fd348aed1c80"

[[projects]]
  branch = "master"
  name = "golang.org/x/sys"
  packages = ["unix"]
  revision = "02a66801d979d706a4b445e24e03916eeaa2a404"

[solve-meta]
  analyzer-name = "dep"
  analyzer-version = 1
  inputs-digest = "4e1e5b49b08acd35fe53bb67802d5eb4626fee15e1f59f6d3b690462ddc9d174"
  solver-name = "gps-cdcl"
  solver-version = 1
