# This file is autogenerated, do not edit; changes may be undone by the next 'dep ensure'.


[[projects]]
  digest = "1:7f49be851cc9ea4c1af9ffab87898033399d6ccc8776781ac94d4d30f46b1d0f"
  name = "cloud.google.com/go"
  packages = [
    "compute/metadata",
    "iam",
    "internal",
    "internal/optional",
    "internal/trace",
    "internal/version",
    "pubsub",
    "pubsub/apiv1",
    "pubsub/internal/distribution",
    "storage",
  ]
  pruneopts = "UT"
  revision = "29f476ffa9c4cd4fd14336b6043090ac1ad76733"
  version = "v0.21.0"

[[projects]]
  digest = "1:9f3b30d9f8e0d7040f729b82dcbc8f0dead820a133b3147ce355fc451f32d761"
  name = "github.com/BurntSushi/toml"
  packages = ["."]
  pruneopts = "UT"
  revision = "3012a1dbe2e4bd1391d42b32f0577cb7bbc7f005"
  version = "v0.3.1"

[[projects]]
  digest = "1:55388fd080150b9a072912f97b1f5891eb0b50df43401f8b75fb4273d3fec9fc"
  name = "github.com/Masterminds/semver"
  packages = ["."]
  pruneopts = "UT"
  revision = "c7af12943936e8c39859482e61f0574c2fd7fc75"
  version = "v1.4.2"

[[projects]]
  digest = "1:b0baf96eb3f1387dfd368f38f1d9c91adb947239530014d1006540ccee7579b2"
  name = "github.com/Masterminds/sprig"
  packages = ["."]
  pruneopts = "UT"
  revision = "15f9564e7e9cf0da02a48e0d25f12a7b83559aa6"
  version = "v2.16.0"

[[projects]]
  digest = "1:f9ae348e1f793dcf9ed930ed47136a67343dbd6809c5c91391322267f4476892"
  name = "github.com/Microsoft/go-winio"
  packages = ["."]
  pruneopts = "UT"
  revision = "97e4973ce50b2ff5f09635a57e2b88a037aae829"
  version = "v0.4.11"

[[projects]]
  digest = "1:e92f5581902c345eb4ceffdcd4a854fb8f73cf436d47d837d1ec98ef1fe0a214"
  name = "github.com/StackExchange/wmi"
  packages = ["."]
  pruneopts = "UT"
  revision = "5d049714c4a64225c3c79a7cf7d02f7fb5b96338"
  version = "1.0.0"

[[projects]]
  digest = "1:8f5416c7f59da8600725ae1ff00a99af1da8b04c211ae6f3c8f8bcab0164f650"
  name = "github.com/aokoli/goutils"
  packages = ["."]
  pruneopts = "UT"
  revision = "3391d3790d23d03408670993e957e8f408993c34"
  version = "v1.0.1"

[[projects]]
  digest = "1:da3034c2cb2e8b0aaafb5ee1d2d1db3f1b44c816fd26d96bfa92f8d21b62e1b6"
  name = "github.com/aws/aws-sdk-go"
  packages = [
    "aws",
    "aws/awserr",
    "aws/awsutil",
    "aws/client",
    "aws/client/metadata",
    "aws/corehandlers",
    "aws/credentials",
    "aws/credentials/ec2rolecreds",
    "aws/credentials/endpointcreds",
    "aws/credentials/stscreds",
    "aws/defaults",
    "aws/ec2metadata",
    "aws/endpoints",
    "aws/request",
    "aws/session",
    "aws/signer/v4",
    "internal/sdkio",
    "internal/sdkrand",
    "internal/shareddefaults",
    "private/protocol",
    "private/protocol/json/jsonutil",
    "private/protocol/jsonrpc",
    "private/protocol/query",
    "private/protocol/query/queryutil",
    "private/protocol/rest",
    "private/protocol/xml/xmlutil",
    "service/ecr",
    "service/sqs",
    "service/sts",
  ]
  pruneopts = "UT"
  revision = "6454c9c7415974700e9d0d7f480edbe669f7b2f8"
  version = "v1.13.36"

[[projects]]
  branch = "master"
  digest = "1:d6afaeed1502aa28e80a4ed0981d570ad91b2579193404256ce672ed0a609e0d"
  name = "github.com/beorn7/perks"
  packages = ["quantile"]
  pruneopts = "UT"
  revision = "3a771d992973f24aa725d07868b467d1ddfceafb"

[[projects]]
  digest = "1:a2c1d0e43bd3baaa071d1b9ed72c27d78169b2b269f71c105ac4ba34b1be4a39"
  name = "github.com/davecgh/go-spew"
  packages = ["spew"]
  pruneopts = "UT"
  revision = "346938d642f2ec3594ed81d874461961cd0faa76"
  version = "v1.1.0"

[[projects]]
  branch = "master"
  digest = "1:8583eab935e3d99d3a7ac489cd2ee7c8e95eecd7c64ab1fc8382746dacaf8563"
  name = "github.com/dgryski/go-farm"
  packages = ["."]
  pruneopts = "UT"
  revision = "2de33835d10275975374b37b2dcfd22c9020a1f5"

[[projects]]
  branch = "master"
  digest = "1:0fda14b557e4344f5e97a62a9f23053e48abd0170c93bf0336d062dbebcc20a5"
  name = "github.com/dgryski/go-minhash"
  packages = ["."]
  pruneopts = "UT"
  revision = "7fe510aff544695d5ca79be4cddc5dafd0e02fa4"

[[projects]]
  digest = "1:3cabbabc9e0e4aa7e12b882bdc213f41cf8bd2b2ce2a7b5e0aceaf8a6a78049b"
  name = "github.com/docker/distribution"
  packages = [
    "digest",
    "reference",
  ]
  pruneopts = "UT"
  revision = "48294d928ced5dd9b378f7fd7c6f5da3ff3f2c89"
  version = "v2.6.2"

[[projects]]
  digest = "1:c4c7064c2c67a0a00815918bae489dd62cd88d859d24c95115d69b00b3d33334"
  name = "github.com/docker/docker"
  packages = [
    "api/types",
    "api/types/blkiodev",
    "api/types/container",
    "api/types/events",
    "api/types/filters",
    "api/types/mount",
    "api/types/network",
    "api/types/reference",
    "api/types/registry",
    "api/types/strslice",
    "api/types/swarm",
    "api/types/time",
    "api/types/versions",
    "api/types/volume",
    "client",
    "pkg/tlsconfig",
  ]
  pruneopts = "UT"
  revision = "092cba3727bb9b4a2f0e922cd6c0f93ea270e363"
  version = "v1.13.1"

[[projects]]
  digest = "1:811c86996b1ca46729bad2724d4499014c4b9effd05ef8c71b852aad90deb0ce"
  name = "github.com/docker/go-connections"
  packages = [
    "nat",
    "sockets",
    "tlsconfig",
  ]
  pruneopts = "UT"
  revision = "7395e3f8aa162843a74ed6d48e79627d9792ac55"
  version = "v0.4.0"

[[projects]]
  digest = "1:6f82cacd0af5921e99bf3f46748705239b36489464f4529a1589bc895764fb18"
  name = "github.com/docker/go-units"
  packages = ["."]
  pruneopts = "UT"
  revision = "47565b4f722fb6ceae66b95f853feed578a4a51c"
  version = "v0.3.3"

[[projects]]
  branch = "master"
  digest = "1:988cfde37f089c50ba1ac8a1032c3f81d2ac0359e1872093b946a30139665eb6"
  name = "github.com/dsnet/compress"
  packages = [
    ".",
    "bzip2",
    "bzip2/internal/sais",
    "internal",
    "internal/errors",
    "internal/prefix",
  ]
  pruneopts = "UT"
  revision = "cc9eb1d7ad760af14e8f918698f745e80377af4f"

[[projects]]
  branch = "master"
  digest = "1:6f9339c912bbdda81302633ad7e99a28dfa5a639c864061f1929510a9a64aa74"
  name = "github.com/dustin/go-humanize"
  packages = ["."]
  pruneopts = "UT"
  revision = "02af3965c54e8cacf948b97fef38925c4120652c"

[[projects]]
  branch = "master"
  digest = "1:de86c4bb31748e94ac863c58c2e0402bf65fa07ac98f3fa76ca3afb5083e5406"
  name = "github.com/ekzhu/minhash-lsh"
  packages = ["."]
  pruneopts = "UT"
  revision = "5c06ee8586a1691fbfa230842170429e2b31cc05"

[[projects]]
  digest = "1:b498b36dbb2b306d1c5205ee5236c9e60352be8f9eea9bf08186723a9f75b4f3"
  name = "github.com/emirpasic/gods"
  packages = [
    "containers",
    "lists",
    "lists/arraylist",
    "trees",
    "trees/binaryheap",
    "utils",
  ]
  pruneopts = "UT"
  revision = "1615341f118ae12f353cc8a983f35b584342c9b3"
  version = "v1.12.0"

[[projects]]
  digest = "1:d9cd0e8691d2190539b9c01ede6902be8ad897798efe03cbf6d24639e2860a34"
  name = "github.com/ericchiang/k8s"
  packages = [
    ".",
    "apis/apiextensions/v1beta1",
    "apis/core/v1",
    "apis/meta/v1",
    "apis/resource",
    "runtime",
    "runtime/schema",
    "util/intstr",
    "watch/versioned",
  ]
  pruneopts = "UT"
  revision = "d1bbc0cffaf9849ddcae7b9efffae33e2dd52e9a"
  version = "v1.2.0"

[[projects]]
  digest = "1:f1f2bd73c025d24c3b93abf6364bccb802cf2fdedaa44360804c67800e8fab8d"
  name = "github.com/evanphx/json-patch"
  packages = ["."]
  pruneopts = "UT"
  revision = "72bf35d0ff611848c1dc9df0f976c81192392fa5"
  version = "v4.1.0"

[[projects]]
  digest = "1:4afe9b10ebaf13d77f8bad44b2af5a55c17699b375601a6383a671b0713845b9"
  name = "github.com/go-ini/ini"
  packages = ["."]
  pruneopts = "UT"
  revision = "6529cf7c58879c08d927016dde4477f18a0634cb"
  version = "v1.36.0"

[[projects]]
  digest = "1:64a5a67c69b70c2420e607a8545d674a23778ed9c3e80607bfd17b77c6c87f6a"
  name = "github.com/go-ole/go-ole"
  packages = [
    ".",
    "oleutil",
  ]
  pruneopts = "UT"
  revision = "a41e3c4b706f6ae8dfbff342b06e40fa4d2d0506"
  version = "v1.2.1"

[[projects]]
  digest = "1:c4a2528ccbcabf90f9f3c464a5fc9e302d592861bbfd0b7135a7de8a943d0406"
  name = "github.com/go-stack/stack"
  packages = ["."]
  pruneopts = "UT"
  revision = "259ab82a6cad3992b4e21ff5cac294ccb06474bc"
  version = "v1.7.0"

[[projects]]
  digest = "1:7f89e0c888fb99c61055c646f5678aae645b0b0a1443d9b2dcd9964d850827ce"
  name = "github.com/go-test/deep"
  packages = ["."]
  pruneopts = "UT"
  revision = "6592d9cc0a499ad2d5f574fde80a2b5c5cc3b4f5"
  version = "v1.0.1"

[[projects]]
  digest = "1:342378ac4dcb378a5448dd723f0784ae519383532f5e70ade24132c4c8693202"
  name = "github.com/go-yaml/yaml"
  packages = ["."]
  pruneopts = "UT"
  revision = "5420a8b6744d3b0345ab293f6fcba19c978f1183"
  version = "v2.2.1"

[[projects]]
  digest = "1:19e1717be26f549febea402e08b46db7919d164324a24ff67e0c81dfb11316b8"
  name = "github.com/golang/protobuf"
  packages = [
    "proto",
    "protoc-gen-go/descriptor",
    "ptypes",
    "ptypes/any",
    "ptypes/duration",
    "ptypes/empty",
    "ptypes/timestamp",
  ]
  pruneopts = "UT"
  revision = "aa810b61a9c79d51363740d207bb46cf8e620ed5"
  version = "v1.2.0"

[[projects]]
  branch = "master"
  digest = "1:4a0c6bb4805508a6287675fac876be2ac1182539ca8a32468d8128882e9d5009"
  name = "github.com/golang/snappy"
  packages = ["."]
  pruneopts = "UT"
  revision = "2e65f85255dbc3072edf28d6b5b8efc472979f5a"

[[projects]]
  digest = "1:3a26588bc48b96825977c1b3df964f8fd842cd6860cc26370588d3563433cf11"
  name = "github.com/google/uuid"
  packages = ["."]
  pruneopts = "UT"
  revision = "d460ce9f8df2e77fb1ba55ca87fafed96c607494"
  version = "v1.0.0"

[[projects]]
  digest = "1:e145e9710a10bc114a6d3e2738aadf8de146adaa031854ffdf7bbfe15da85e63"
  name = "github.com/googleapis/gax-go"
  packages = ["."]
  pruneopts = "UT"
  revision = "317e0006254c44a0ac427cc52a0e083ff0b9622f"
  version = "v2.0.0"

[[projects]]
  branch = "master"
  digest = "1:92b83ff86ec0c17792229ca5168864338354a032aa4ae2c6e64560a46fbaf11f"
  name = "github.com/hhatto/gorst"
  packages = ["."]
  pruneopts = "UT"
  revision = "78c1458eee3f8aba562871247749a76461b434d4"

[[projects]]
  digest = "1:f9a5e090336881be43cfc1cf468330c1bdd60abdc9dd194e0b1ab69f4b94dd7c"
  name = "github.com/huandu/xstrings"
  packages = ["."]
  pruneopts = "UT"
  revision = "f02667b379e2fb5916c3cda2cf31e0eb885d79f8"
  version = "v1.2.0"

[[projects]]
  digest = "1:8eb1de8112c9924d59bf1d3e5c26f5eaa2bfc2a5fcbb92dc1c2e4546d695f277"
  name = "github.com/imdario/mergo"
  packages = ["."]
  pruneopts = "UT"
  revision = "9f23e2d6bd2a77f959b2bf6acdbefd708a83a4a4"
  version = "v0.3.6"

[[projects]]
  branch = "master"
  digest = "1:62fe3a7ea2050ecbd753a71889026f83d73329337ada66325cbafd5dea5f713d"
  name = "github.com/jbenet/go-context"
  packages = ["io"]
  pruneopts = "UT"
  revision = "d14ea06fba99483203c19d92cfcd13ebe73135f4"

[[projects]]
  digest = "1:8e2a1a735ee2030ef8d3757b6424f7192f285237d42913d99e7e9f308609d930"
  name = "github.com/jdkato/prose"
  packages = [
    "chunk",
    "internal/model",
    "internal/util",
    "tag",
    "tokenize",
  ]
  pruneopts = "UT"
  revision = "20d3663d4bc9dd10d75abcde9d92e04b4861c674"
  version = "v1.1.0"

[[projects]]
  digest = "1:1200d8db6297619ee900fabb7ea91e159aefe3f5c7e0e06b0164b9a74a1359d5"
  name = "github.com/jjeffery/kv"
  packages = ["."]
  pruneopts = "UT"
  revision = "e16ed12583c8a365f8ae714c7564eeef173447dc"
  version = "v1.0"

[[projects]]
  digest = "1:e22af8c7518e1eab6f2eab2b7d7558927f816262586cd6ed9f349c97a6c285c4"
  name = "github.com/jmespath/go-jmespath"
  packages = ["."]
  pruneopts = "UT"
  revision = "0b12d6b5"

[[projects]]
  digest = "1:002d7b5e5f6d983edda990eb93b6a994e8878471d5b30bfb4d7d844f9eec8f6f"
  name = "github.com/karlmutch/amicontained"
  packages = ["container"]
  pruneopts = "UT"
  revision = "72c60c0768004eb97c5f5c1d625fe6ed3b3b8561"
  version = "v0.3.0"

[[projects]]
  branch = "master"
  digest = "1:2e9dc3598263154a610a7abfe5b51ec3e439b52fe894e3a3a7a48cd33d6552cd"
  name = "github.com/karlmutch/base62"
  packages = ["."]
  pruneopts = "UT"
  revision = "b80cdc656a7a61702f293555d54777d6ff617eb7"

[[projects]]
  branch = "master"
  digest = "1:64cd0e3f66774e891abfbd3d584254b08e8d11f4188d608df3978eeae3098b12"
  name = "github.com/karlmutch/ccache"
  packages = ["."]
  pruneopts = "UT"
  revision = "573f5233780ceb8106d63177cc9d34986510b983"

[[projects]]
  branch = "master"
  digest = "1:752f1e64a07686d354c797fbde07c21f3d0e5a24f096858dbb731765a7e6a449"
  name = "github.com/karlmutch/circbuf"
  packages = ["."]
  pruneopts = "UT"
  revision = "bbbad097214e2918d8543d5201d12bfd7bca254d"

[[projects]]
  branch = "master"
  digest = "1:cb39001cf3c1e09e22bd8a0d95af76b6428586bec756681425b22cd5443b1490"
  name = "github.com/karlmutch/duat"
  packages = [
    ".",
    "version",
  ]
  pruneopts = "UT"
  revision = "41b536cb50e1d24656096ba018b8e71879f0a45a"

[[projects]]
  branch = "master"
  digest = "1:bc16e81c4c66522e1af53f0c4372622a3a9bae4cea75e70716c41bb1810e5ec9"
  name = "github.com/karlmutch/envflag"
  packages = ["."]
  pruneopts = "UT"
  revision = "ae3268980a293939fc31d786fe86f1453333d386"

[[projects]]
  digest = "1:6a3aabb4de1f9e85c7ae2bb8ae97eb87b7d5e6ca39b1648251e0f11b34f4232f"
  name = "github.com/karlmutch/errors"
  packages = ["."]
  pruneopts = "UT"
  revision = "a34a51e66ce34c250486f85f1822c884f8dee966"
  version = "v1.0.1"

[[projects]]
  digest = "1:fc61a390fb0ad4b97e31cd1040b91ed02f7ed175f55285efa7a4d10ae208282b"
  name = "github.com/karlmutch/go-cache"
  packages = ["."]
  pruneopts = "UT"
  revision = "1881a9bccb818787f68c52bfba648c6cf34c34fa"
  version = "v2.0.0"

[[projects]]
  branch = "master"
  digest = "1:ff2c6a4f6d5fc16c40928a62ec87dc1e86b4021034127040bcbec9ed4f8e45fc"
  name = "github.com/karlmutch/go-fqdn"
  packages = ["."]
  pruneopts = "UT"
  revision = "2501cdd51ef4c60dd727c58b2199e1a09466b10f"

[[projects]]
  branch = "master"
  digest = "1:e38d057b4bb03e252b582708d7ea922a95366d4620a6a9142e408938d54e0903"
  name = "github.com/karlmutch/go-nvml"
  packages = ["."]
  pruneopts = "UT"
  revision = "58b0db49cc03a6fa9037f0c4eacb30915b0a8af0"

[[projects]]
  digest = "1:c08f5d8cc28ed4dccb098121d5f1f19f708bf04e3bbd4b772ce6461de6ef1ca2"
  name = "github.com/karlmutch/go-shortid"
  packages = ["."]
  pruneopts = "UT"
  revision = "6c56cef5189ca1b3d5ef01dc07f4d611dfc0bb33"
  version = "v1.0"

[[projects]]
  branch = "master"
  digest = "1:544635141f5fb084637823f438f3563be046a9730c256d2e7760dbb741cd88b5"
  name = "github.com/karlmutch/hashstructure"
  packages = ["."]
  pruneopts = "UT"
  revision = "2bca23e0e452137f789efbc8610126fd8b94f73b"

[[projects]]
  branch = "master"
  digest = "1:09f0fd179577d490cf995651e43f83ccaf7f192a2034679d3b8a676f6ade4c09"
  name = "github.com/karlmutch/logxi"
  packages = ["v1"]
  pruneopts = "UT"
  revision = "75b3c5d19c5eafe34b5870a5e61e86f5ce3aa683"

[[projects]]
  digest = "1:b311407991ca82ea46706557aef8d32b56e96c2f95481754b5a5d34a984a3af3"
  name = "github.com/karlmutch/semver"
  packages = ["."]
  pruneopts = "UT"
  revision = "15d8430ab86497c5c0da827b748823945e1cf1e1"
  version = "v1.4.0"

[[projects]]
  digest = "1:c4a2528ccbcabf90f9f3c464a5fc9e302d592861bbfd0b7135a7de8a943d0406"
  name = "github.com/karlmutch/stack"
  packages = ["."]
  pruneopts = "UT"
  revision = "259ab82a6cad3992b4e21ff5cac294ccb06474bc"
  version = "v1.7.0"

[[projects]]
  branch = "master"
  digest = "1:586d64cc78241ec7896fd170256b1d1f98bfd16757fce222927fd928431461a1"
  name = "github.com/karlmutch/vtclean"
  packages = ["."]
  pruneopts = "UT"
  revision = "d14193dfc626125c831501c1c42340b4248e1f5a"

[[projects]]
  digest = "1:ae5f4d0779a45e2cb3075d8b3ece6c623e171407f4aac83521392ff06d188871"
  name = "github.com/kevinburke/ssh_config"
  packages = ["."]
  pruneopts = "UT"
  revision = "81db2a75821ed34e682567d48be488a1c3121088"
  version = "0.5"

[[projects]]
  branch = "master"
  digest = "1:9239112c90f6bdd06a257b543dfc63730231f19997796bd2932513c5c874f5bf"
  name = "github.com/lthibault/jitterbug"
  packages = ["."]
  pruneopts = "UT"
  revision = "0ac50869eb41b1be6484dffbd43b997cbd39cfca"

[[projects]]
  digest = "1:c658e84ad3916da105a761660dcaeb01e63416c8ec7bc62256a9b411a05fcd67"
  name = "github.com/mattn/go-colorable"
  packages = ["."]
  pruneopts = "UT"
  revision = "167de6bfdfba052fa6b2d3664c8f5272e23c9072"
  version = "v0.0.9"

[[projects]]
  digest = "1:d4d17353dbd05cb52a2a52b7fe1771883b682806f68db442b436294926bbfafb"
  name = "github.com/mattn/go-isatty"
  packages = ["."]
  pruneopts = "UT"
  revision = "0360b2af4f38e8d38c7fce2a9f4e702702d73a39"
  version = "v0.0.3"

[[projects]]
  digest = "1:5985ef4caf91ece5d54817c11ea25f182697534f8ae6521eadcd628c142ac4b6"
  name = "github.com/matttproud/golang_protobuf_extensions"
  packages = ["pbutil"]
  pruneopts = "UT"
  revision = "3247c84500bff8d9fb6d579d800f20b3e091582c"
  version = "v1.0.0"

[[projects]]
  branch = "master"
  digest = "1:2b32af4d2a529083275afc192d1067d8126b578c7a9613b26600e4df9c735155"
  name = "github.com/mgutz/ansi"
  packages = ["."]
  pruneopts = "UT"
  revision = "9520e82c474b0a04dd04f8a40959027271bab992"

[[projects]]
  branch = "mgutz/v2"
  digest = "1:436a168c2abd64a52ed5e6d0274b9dd5e4310559ad1249ca69643f8094d4be91"
  name = "github.com/mgutz/logxi"
  packages = ["."]
  pruneopts = "UT"
  revision = "3753102df44ef6dc2552aea65b9666b593d68663"

[[projects]]
  digest = "1:d6f988e7296cebe16d9c405b73bee34da871b382f7438c811279614a725239ae"
  name = "github.com/mholt/archiver"
  packages = ["."]
  pruneopts = "UT"
  revision = "de0d89e255e17c8d75a40122055763e743ab0593"
  version = "v2.1"

[[projects]]
  digest = "1:00923dad092d482e66c376bd25e5e79c71972ebca4aef9513e6f83146517c5a5"
  name = "github.com/michaelklishin/rabbit-hole"
  packages = ["."]
  pruneopts = "UT"
  revision = "751d8f6874248f7243698c6f8377983879d744e9"
  version = "v1.4.0"

[[projects]]
  digest = "1:95c73c666919be2843b955eafc83f58c136312b74f79c703152f4c4a95fd64dc"
  name = "github.com/minio/minio-go"
  packages = [
    ".",
    "pkg/credentials",
    "pkg/encrypt",
    "pkg/s3signer",
    "pkg/s3utils",
    "pkg/set",
  ]
  pruneopts = "UT"
  revision = "70799fe8dae6ecfb6c7d7e9e048fce27f23a1992"
  version = "v6.0.5"

[[projects]]
  digest = "1:09ca328575f38b80969ccf857f6d7302f2ce09d53778ea7aaba526cfd2cec739"
  name = "github.com/mitchellh/copystructure"
  packages = ["."]
  pruneopts = "UT"
  revision = "9a1b6f44e8da0e0e374624fb0a825a231b00c537"
  version = "v1.0.0"

[[projects]]
  branch = "master"
  digest = "1:12ae6210bdbdad658a9a67fd95cd9c99f7fdbf12f6d36eaf0af704e69dacf4f5"
  name = "github.com/mitchellh/go-homedir"
  packages = ["."]
  pruneopts = "UT"
  revision = "b8bc1bf767474819792c23f32d8286a45736f1c6"

[[projects]]
  digest = "1:bcc07ad6f62e6d8958692ff89c8ac1c64eb92de66330f98b7e9bdb72cc017a84"
  name = "github.com/mitchellh/reflectwalk"
  packages = ["."]
  pruneopts = "UT"
  revision = "eecee6c969c02c8cc2ae48e1e269843ae8590796"
  version = "v1.0.0"

[[projects]]
  digest = "1:246ab598a22ea9d50f46e65f655f78161a19822f6597268b02f04af998684807"
  name = "github.com/montanaflynn/stats"
  packages = ["."]
  pruneopts = "UT"
  revision = "1bf9dbcd8cbe1fdb75add3785b1d4a9a646269ab"
  version = "0.3.0"

[[projects]]
  branch = "master"
  digest = "1:3bdb4203c03569a564d6a4bd54d84315575cebb2d76471f8676f8ee8c402005e"
  name = "github.com/nwaples/rardecode"
  packages = ["."]
  pruneopts = "UT"
  revision = "e06696f847aeda6f39a8f0b7cdff193b7690aef6"

[[projects]]
  digest = "1:b2ee62e09bec113cf086d2ce0769efcc7bf79481aba8373fd8f7884e94df3462"
  name = "github.com/pelletier/go-buffruneio"
  packages = ["."]
  pruneopts = "UT"
  revision = "c37440a7cf42ac63b919c752ca73a85067e05992"
  version = "v0.2.0"

[[projects]]
  digest = "1:4f0885b3f0dba96128a09a6f4b4231c42688fbd05f323224c6aa5adc9f4e87bf"
  name = "github.com/pierrec/lz4"
  packages = [
    ".",
    "internal/xxh32",
  ]
  pruneopts = "UT"
  revision = "bb6bfd13c6a262f1943c0446eb25b7f54c1fb9a2"
  version = "v2.0.6"

[[projects]]
  digest = "1:40e195917a951a8bf867cd05de2a46aaf1806c50cf92eebf4c16f78cd196f747"
  name = "github.com/pkg/errors"
  packages = ["."]
  pruneopts = "UT"
  revision = "645ef00459ed84a119197bfb8d8205042c6df63d"
  version = "v0.8.0"

[[projects]]
  digest = "1:26663fafdea73a38075b07e8e9d82fc0056379d2be8bb4e13899e8fda7c7dd23"
  name = "github.com/prometheus/client_golang"
  packages = [
    "prometheus",
    "prometheus/internal",
    "prometheus/promhttp",
  ]
  pruneopts = "UT"
  revision = "abad2d1bd44235a26707c172eab6bca5bf2dbad3"
  version = "v0.9.1"

[[projects]]
  branch = "master"
  digest = "1:2d5cd61daa5565187e1d96bae64dbbc6080dacf741448e9629c64fd93203b0d4"
  name = "github.com/prometheus/client_model"
  packages = ["go"]
  pruneopts = "UT"
  revision = "5c3871d89910bfb32f5fcab2aa4b9ec68e65a99f"

[[projects]]
  branch = "master"
  digest = "1:db712fde5d12d6cdbdf14b777f0c230f4ff5ab0be8e35b239fc319953ed577a4"
  name = "github.com/prometheus/common"
  packages = [
    "expfmt",
    "internal/bitbucket.org/ww/goautoneg",
    "model",
  ]
  pruneopts = "UT"
  revision = "4724e9255275ce38f7179b2478abeae4e28c904f"

[[projects]]
  branch = "master"
  digest = "1:ef74914912f99c79434d9c09658274678bc85080ebe3ab32bec3940ebce5e1fc"
  name = "github.com/prometheus/procfs"
  packages = [
    ".",
    "internal/util",
    "nfs",
    "xfs",
  ]
  pruneopts = "UT"
  revision = "619930b0b4713cc1280189bf0a4c54b3fb506f60"

[[projects]]
  digest = "1:757b110984b77e820e01c60d3ac03a376a0fdb05c990dd9d6bd4f9ba0d606261"
  name = "github.com/rs/xid"
  packages = ["."]
  pruneopts = "UT"
  revision = "2c7e97ce663ff82c49656bca3048df0fdd83c5f9"
  version = "v1.2.0"

[[projects]]
  digest = "1:d917313f309bda80d27274d53985bc65651f81a5b66b820749ac7f8ef061fd04"
  name = "github.com/sergi/go-diff"
  packages = ["diffmatchpatch"]
  pruneopts = "UT"
  revision = "1744e2970ca51c86172c8190fadad617561ed6e7"
  version = "v1.0.0"

[[projects]]
  digest = "1:edff17b890114a3fef5280579d7b8c2f1e20c066d3583c5806ae3f4aa165f661"
  name = "github.com/shirou/gopsutil"
  packages = [
    "cpu",
    "internal/common",
    "mem",
  ]
  pruneopts = "UT"
  revision = "fc04d2dd9a512906a2604242b35275179e250eda"
  version = "v2.18.03"

[[projects]]
  branch = "master"
  digest = "1:3b1701815d188c58243a63f43c807cd5bb7b7b7da167c183538d8f75d7a2e20d"
  name = "github.com/shogo82148/go-shuffle"
  packages = ["."]
  pruneopts = "UT"
  revision = "27e6095f230d6c769aafa7232db643a628bd87ad"

[[projects]]
  branch = "master"
  digest = "1:def689e73e9252f6f7fe66834a76751a41b767e03daab299e607e7226c58a855"
  name = "github.com/shurcooL/sanitized_anchor_name"
  packages = ["."]
  pruneopts = "UT"
  revision = "86672fcb3f950f35f2e675df2240550f2a50762f"

[[projects]]
  digest = "1:9e9193aa51197513b3abcb108970d831fbcf40ef96aa845c4f03276e1fa316d2"
  name = "github.com/sirupsen/logrus"
  packages = ["."]
  pruneopts = "UT"
  revision = "c155da19408a8799da419ed3eeb0cb5db0ad5dbc"
  version = "v1.0.5"

[[projects]]
  digest = "1:3681df693b35e7df9937dbd54b9f179aee5b54f4a28f72ad191e87038e6ffcab"
  name = "github.com/src-d/gcfg"
  packages = [
    ".",
    "scanner",
    "token",
    "types",
  ]
  pruneopts = "UT"
  revision = "f187355171c936ac84a82793659ebb4936bc1c23"
  version = "v1.3.0"

[[projects]]
  branch = "master"
  digest = "1:6014b4cd08abf98a4a6855e086837f21360362c2f59271aac3aad2b30b4f96f6"
  name = "github.com/streadway/amqp"
  packages = ["."]
  pruneopts = "UT"
  revision = "8e4aba63da9fc5571e01c6a45dc809a58cbc5a68"

[[projects]]
  branch = "master"
  digest = "1:e14e467ed00ab98665623c5060fa17e3d7079be560ffc33cabafd05d35894f05"
  name = "github.com/syndtr/gocapability"
  packages = ["capability"]
  pruneopts = "UT"
  revision = "d98352740cb2c55f81556b63d4a1ec64c5a319c2"

[[projects]]
  digest = "1:4aeb3860275fa1fd60cccfb5a6ef85da438bf17402e1e84412ade4d4b55066a0"
  name = "github.com/ulikunitz/xz"
  packages = [
    ".",
    "internal/hash",
    "internal/xlog",
    "lzma",
  ]
  pruneopts = "UT"
  revision = "0c6b41e72360850ca4f98dc341fd999726ea007f"
  version = "v0.5.4"

[[projects]]
  digest = "1:174f40418b07dbcc5890297b65b6720426ad030ceda5b5a56573ddf81e7ca631"
  name = "github.com/valyala/fastjson"
  packages = [
    ".",
    "fastfloat",
  ]
  pruneopts = "UT"
  revision = "860c583bd40748ede3dc11e6ec2151e2d5714c63"
  version = "v1.2.0"

[[projects]]
  digest = "1:afc0b8068986a01e2d8f449917829753a54f6bd4d1265c2b4ad9cba75560020f"
  name = "github.com/xanzy/ssh-agent"
  packages = ["."]
  pruneopts = "UT"
  revision = "640f0ab560aeb89d523bb6ac322b1244d5c3796c"
  version = "v0.2.0"

[[projects]]
  digest = "1:65f5fbc476a9d309d39358cca18cc8cc60c9a08d1e66f5a8d6dcc9ac3a948d70"
  name = "go.opencensus.io"
  packages = [
    "exporter/stackdriver/propagation",
    "internal",
    "internal/tagencoding",
    "plugin/ocgrpc",
    "plugin/ochttp",
    "plugin/ochttp/propagation/b3",
    "stats",
    "stats/internal",
    "stats/view",
    "tag",
    "trace",
    "trace/internal",
    "trace/propagation",
  ]
  pruneopts = "UT"
  revision = "0095aec66ae14801c6711210f6f0716411cefdd3"
  version = "v0.8.0"

[[projects]]
  digest = "1:3c1a69cdae3501bf75e76d0d86dc6f2b0a7421bc205c0cb7b96b19eed464a34d"
  name = "go.uber.org/atomic"
  packages = ["."]
  pruneopts = "UT"
  revision = "1ea20fb1cbb1cc08cbd0d913a96dead89aa18289"
  version = "v1.3.2"

[[projects]]
  branch = "master"
  digest = "1:4397ad78aa7c100a2f43688a988a4d78291f1db2631626fb1f61ec0e59315890"
  name = "golang.org/x/crypto"
  packages = [
    "argon2",
    "blake2b",
    "cast5",
    "curve25519",
    "ed25519",
    "ed25519/internal/edwards25519",
    "internal/chacha20",
    "internal/subtle",
    "openpgp",
    "openpgp/armor",
    "openpgp/elgamal",
    "openpgp/errors",
    "openpgp/packet",
    "openpgp/s2k",
    "pbkdf2",
    "poly1305",
    "scrypt",
    "ssh",
    "ssh/agent",
    "ssh/knownhosts",
    "ssh/terminal",
  ]
  pruneopts = "UT"
  revision = "a49355c7e3f8fe157a85be2f77e6e269a0f89602"

[[projects]]
  branch = "master"
  digest = "1:47bcbdf2a60a0bdd142f07f60771078857310fd1ededeb03956add7c7f6bef33"
  name = "golang.org/x/exp"
  packages = ["rand"]
  pruneopts = "UT"
  revision = "42ba7d4b6eb299bf56fcfc4f0541a857ad0e2da3"

[[projects]]
  branch = "master"
  digest = "1:9a8a8682cd22ab8d3c3aaa62515779353bd7b73e0d1df31f8f947e146cdea7ee"
  name = "golang.org/x/net"
  packages = [
    "context",
    "context/ctxhttp",
    "html",
    "html/atom",
    "http/httpguts",
    "http2",
    "http2/hpack",
    "idna",
    "internal/socks",
    "internal/timeseries",
    "proxy",
    "trace",
  ]
  pruneopts = "UT"
  revision = "afe8f62b1d6bbd81f31868121a50b06d8188e1f9"

[[projects]]
  branch = "master"
  digest = "1:bea0314c10bd362ab623af4880d853b5bad3b63d0ab9945c47e461b8d04203ed"
  name = "golang.org/x/oauth2"
  packages = [
    ".",
    "google",
    "internal",
    "jws",
    "jwt",
  ]
  pruneopts = "UT"
  revision = "ef147856a6ddbb60760db74283d2424e98c87bff"

[[projects]]
  branch = "master"
  digest = "1:c313aef534e493304f3666fbd24dca5932ebf776a82b7a40f961c9355794a1b1"
  name = "golang.org/x/sync"
  packages = [
    "errgroup",
    "semaphore",
  ]
  pruneopts = "UT"
  revision = "1d60e4601c6fd243af51cc01ddf169918a5407ca"

[[projects]]
  branch = "master"
  digest = "1:e294d2effbbe8544d77f54f0c80fdd8062f6fc1f43077167cf56ff139f630039"
  name = "golang.org/x/sys"
  packages = [
    "cpu",
    "unix",
    "windows",
  ]
  pruneopts = "UT"
  revision = "c4afb3effaa53fd9a06ca61262dc7ce8df4c081b"

[[projects]]
  digest = "1:d394a618b079cbf94b982fe032389984520374eec83f24e58653a5c85f49f6b9"
  name = "golang.org/x/text"
  packages = [
    "collate",
    "collate/build",
    "internal/colltab",
    "internal/gen",
    "internal/tag",
    "internal/triegen",
    "internal/ucd",
    "language",
    "runes",
    "secure/bidirule",
    "transform",
    "unicode/bidi",
    "unicode/cldr",
    "unicode/norm",
    "unicode/rangetable",
  ]
  pruneopts = "UT"
  revision = "f21a4dfb5e38f5895301dc265a8def02365cc3d0"
  version = "v0.3.0"

[[projects]]
  branch = "master"
  digest = "1:4e54a7559110dcd3f61df96ff33536dc8d49eb2c62a2d355b6704c9ddc2e8563"
  name = "gonum.org/v1/gonum"
  packages = [
    "blas",
    "blas/blas64",
    "blas/gonum",
    "floats",
    "internal/asm/c128",
    "internal/asm/f32",
    "internal/asm/f64",
    "internal/math32",
    "lapack",
    "lapack/gonum",
    "lapack/lapack64",
    "mat",
    "mathext",
    "mathext/internal/amos",
    "mathext/internal/cephes",
    "mathext/internal/gonum",
    "stat",
    "stat/distuv",
  ]
  pruneopts = "UT"
  revision = "f0982070f509ee139841ca385c44dc22a77c8da8"

[[projects]]
  branch = "master"
  digest = "1:b056a8643a4f62f6364eba4a2f28cef6542958847536041ae5fc46f74d645db4"
  name = "google.golang.org/api"
  packages = [
    "gensupport",
    "googleapi",
    "googleapi/internal/uritemplates",
    "googleapi/transport",
    "internal",
    "iterator",
    "option",
    "storage/v1",
    "support/bundler",
    "transport",
    "transport/grpc",
    "transport/http",
  ]
  pruneopts = "UT"
  revision = "8b8c1d4168b3aa7d5fbdb9eb159a1a7ac0cc146d"

[[projects]]
  digest = "1:3aed0ef9f09da309b563842e8535d4f4be9610cdf2b561a2f0dc38500ba5e0f2"
  name = "google.golang.org/appengine"
  packages = [
    ".",
    "internal",
    "internal/app_identity",
    "internal/base",
    "internal/datastore",
    "internal/log",
    "internal/modules",
    "internal/remote_api",
    "internal/socket",
    "internal/urlfetch",
    "socket",
    "urlfetch",
  ]
  pruneopts = "UT"
  revision = "150dc57a1b433e64154302bdc40b6bb8aefa313a"
  version = "v1.0.0"

[[projects]]
  branch = "master"
  digest = "1:de801c1ee7a5c1b7194d6ed830bd6fcba42098e47a9dade780dcd29c0e312404"
  name = "google.golang.org/genproto"
  packages = [
    "googleapis/api/annotations",
    "googleapis/iam/v1",
    "googleapis/pubsub/v1",
    "googleapis/rpc/code",
    "googleapis/rpc/status",
    "protobuf/field_mask",
  ]
  pruneopts = "UT"
  revision = "31ac5d88444a9e7ad18077db9a165d793ad06a2e"

[[projects]]
  digest = "1:ae6f7c82c76f9b9cead4e57c5c8a3aac3bd3e6c9e33c3281364e7fb4e52554b2"
  name = "google.golang.org/grpc"
  packages = [
    ".",
    "balancer",
    "balancer/base",
    "balancer/roundrobin",
    "codes",
    "connectivity",
    "credentials",
    "credentials/oauth",
    "encoding",
    "encoding/proto",
    "grpclb/grpc_lb_v1/messages",
    "grpclog",
    "internal",
    "keepalive",
    "metadata",
    "naming",
    "peer",
    "resolver",
    "resolver/dns",
    "resolver/passthrough",
    "stats",
    "status",
    "tap",
    "transport",
  ]
  pruneopts = "UT"
  revision = "d11072e7ca9811b1100b80ca0269ac831f06d024"
  version = "v1.11.3"

[[projects]]
  digest = "1:85b60f4403e2aae0eee2ac2ba50e4124dea766b582c6ec0d94fb1335d9c0d16e"
  name = "gopkg.in/neurosnap/sentences.v1"
  packages = [
    ".",
    "data",
  ]
  pruneopts = "UT"
  revision = "a7f18ead1433a139742a8b42ce7a059cfb484d60"
  version = "v1.0.6"

[[projects]]
  digest = "1:2ee0f15eb0fb04f918db7c2dcf39745f40d69f798ef171610a730e8a56aaa4fd"
  name = "gopkg.in/russross/blackfriday.v2"
  packages = ["."]
  pruneopts = "UT"
  revision = "d3b5b032dc8e8927d31a5071b56e14c89f045135"
  version = "v2.0.1"

[[projects]]
  digest = "1:b3d2950d0f3fb867cb7a65c862768a28779de63a3214102218e070759f4f1c4b"
  name = "gopkg.in/src-d/go-billy-siva.v4"
  packages = ["."]
  pruneopts = "UT"
  revision = "2996737a8fd9da56f864a9f420a1df5eeb50f0e1"
  version = "v4.2.2"

[[projects]]
  digest = "1:ce504b6c62f90c36eaa7a67613e867faa06acc5bd72569587dcb628c40f9d21f"
  name = "gopkg.in/src-d/go-billy.v4"
  packages = [
    ".",
    "helper/chroot",
    "helper/mount",
    "helper/polyfill",
    "memfs",
    "osfs",
    "util",
  ]
  pruneopts = "UT"
  revision = "982626487c60a5252e7d0b695ca23fb0fa2fd670"
  version = "v4.3.0"

[[projects]]
  digest = "1:ec6e0d2808407909b1f1b7322d1e2d0d803566117283a8e7aa2f66f03693793f"
  name = "gopkg.in/src-d/go-git.v4"
  packages = [
    ".",
    "config",
    "internal/revision",
    "plumbing",
    "plumbing/cache",
    "plumbing/filemode",
    "plumbing/format/config",
    "plumbing/format/diff",
    "plumbing/format/gitignore",
    "plumbing/format/idxfile",
    "plumbing/format/index",
    "plumbing/format/objfile",
    "plumbing/format/packfile",
    "plumbing/format/pktline",
    "plumbing/object",
    "plumbing/protocol/packp",
    "plumbing/protocol/packp/capability",
    "plumbing/protocol/packp/sideband",
    "plumbing/revlist",
    "plumbing/storer",
    "plumbing/transport",
    "plumbing/transport/client",
    "plumbing/transport/file",
    "plumbing/transport/git",
    "plumbing/transport/http",
    "plumbing/transport/internal/common",
    "plumbing/transport/server",
    "plumbing/transport/ssh",
    "storage",
    "storage/filesystem",
    "storage/filesystem/dotgit",
    "storage/memory",
    "utils/binary",
    "utils/diff",
    "utils/ioutil",
    "utils/merkletrie",
    "utils/merkletrie/filesystem",
    "utils/merkletrie/index",
    "utils/merkletrie/internal/frame",
    "utils/merkletrie/noder",
  ]
  pruneopts = "UT"
  revision = "a1f6ef44dfed1253ef7f3bc049f66b15f8fc2ab2"
  version = "v4.9.1"

[[projects]]
  digest = "1:39d4b3034ae356ebe64cc4c2fd47d7022d6a495f07d3cdf98781b774d64d22dc"
  name = "gopkg.in/src-d/go-license-detector.v2"
  packages = [
    "licensedb",
    "licensedb/filer",
    "licensedb/internal",
    "licensedb/internal/assets",
    "licensedb/internal/fastlog",
    "licensedb/internal/normalize",
    "licensedb/internal/processors",
    "licensedb/internal/wmh",
  ]
  pruneopts = "UT"
  revision = "da552ecf050b6440cf8bd0218a8c336213abeefa"
  version = "v2"

[[projects]]
  digest = "1:9290de679e92517edcf9adb808c5460c405204aec233e85b0557844b55203562"
  name = "gopkg.in/src-d/go-siva.v1"
  packages = ["."]
  pruneopts = "UT"
  revision = "7da16ad3bea1d7f5f448ef79336b940389af6281"
  version = "v1.3.0"

[[projects]]
  digest = "1:78d374b493e747afa9fbb2119687e3740a7fb8d0ebabddfef0a012593aaecbb3"
  name = "gopkg.in/warnings.v0"
  packages = ["."]
  pruneopts = "UT"
  revision = "ec4a0fea49c7b46c2aeb0b51aac55779c607e52b"
  version = "v0.1.2"

[solve-meta]
  analyzer-name = "dep"
  analyzer-version = 1
  input-imports = [
    "cloud.google.com/go/pubsub",
    "cloud.google.com/go/storage",
    "github.com/aws/aws-sdk-go/aws",
    "github.com/aws/aws-sdk-go/aws/credentials",
    "github.com/aws/aws-sdk-go/aws/session",
    "github.com/aws/aws-sdk-go/service/sqs",
    "github.com/davecgh/go-spew/spew",
    "github.com/dgryski/go-farm",
    "github.com/dsnet/compress/bzip2",
    "github.com/dustin/go-humanize",
    "github.com/ericchiang/k8s",
    "github.com/ericchiang/k8s/apis/core/v1",
    "github.com/ericchiang/k8s/apis/meta/v1",
    "github.com/evanphx/json-patch",
    "github.com/go-stack/stack",
    "github.com/go-test/deep",
    "github.com/karlmutch/base62",
    "github.com/karlmutch/ccache",
    "github.com/karlmutch/circbuf",
    "github.com/karlmutch/duat",
    "github.com/karlmutch/duat/version",
    "github.com/karlmutch/envflag",
    "github.com/karlmutch/errors",
    "github.com/karlmutch/go-cache",
    "github.com/karlmutch/go-fqdn",
    "github.com/karlmutch/go-nvml",
    "github.com/karlmutch/go-shortid",
    "github.com/karlmutch/hashstructure",
    "github.com/karlmutch/logxi/v1",
    "github.com/karlmutch/stack",
    "github.com/karlmutch/vtclean",
    "github.com/lthibault/jitterbug",
    "github.com/mholt/archiver",
    "github.com/michaelklishin/rabbit-hole",
    "github.com/minio/minio-go",
    "github.com/minio/minio-go/pkg/credentials",
    "github.com/mitchellh/copystructure",
    "github.com/prometheus/client_golang/prometheus",
    "github.com/prometheus/client_golang/prometheus/promhttp",
    "github.com/prometheus/client_model/go",
    "github.com/prometheus/common/expfmt",
    "github.com/rs/xid",
    "github.com/shirou/gopsutil/cpu",
    "github.com/shirou/gopsutil/mem",
    "github.com/streadway/amqp",
    "github.com/valyala/fastjson",
    "go.uber.org/atomic",
    "golang.org/x/net/context",
    "google.golang.org/api/iterator",
    "google.golang.org/api/option",
    "gopkg.in/src-d/go-license-detector.v2/licensedb",
    "gopkg.in/src-d/go-license-detector.v2/licensedb/filer",
  ]
  solver-name = "gps-cdcl"
  solver-version = 1
